schema: '2.0'
stages:
  data_ingestion:
    cmd: python src\data_ingestion.py
    deps:
    - path: src\data_ingestion.py
      hash: md5
      md5: 288c18bff7d42a8b1936629f43b4d110
      size: 3213
    params:
      params.yaml:
        data_ingestion.test_size: 0.2
    outs:
    - path: data\raw
      hash: md5
      md5: fb326d2eec197669f9638afde28356bf.dir
      size: 827973
      nfiles: 2
  data_preprocessing:
    cmd: python src\data_preprocessing.py
    deps:
    - path: data\raw
      hash: md5
      md5: fb326d2eec197669f9638afde28356bf.dir
      size: 827973
      nfiles: 2
    - path: src\data_preprocessing.py
      hash: md5
      md5: 4bc6d0a13d55cc0907c6b47f6cccd923
      size: 7914
    outs:
    - path: data\processed
      hash: md5
      md5: 90f48ea09bdbf82adbe8d3af59b2bf27.dir
      size: 566220
      nfiles: 2
  feature_engineering:
    cmd: python src\feature_engineering.py
    deps:
    - path: data\processed
      hash: md5
      md5: 90f48ea09bdbf82adbe8d3af59b2bf27.dir
      size: 566220
      nfiles: 2
    - path: src\feature_engineering.py
      hash: md5
      md5: 4affdf4de69f38a8df4ffca3ca54c414
      size: 4349
    params:
      params.yaml:
        feature_engineering.max_features: 10
    outs:
    - path: data\features
      hash: md5
      md5: 3047629e62281bc4ea8a980f7354cc53.dir
      size: 288308
      nfiles: 2
  model_building:
    cmd: python src\model_building.py
    deps:
    - path: data\features
      hash: md5
      md5: 3047629e62281bc4ea8a980f7354cc53.dir
      size: 288308
      nfiles: 2
    - path: src\model_building.py
      hash: md5
      md5: bb643ace019b81c9f26ba6a5c69df0e7
      size: 3110
    params:
      params.yaml:
        model_building.learning_rate: 0.3
        model_building.n_estimators: 50
    outs:
    - path: model.pkl
      hash: md5
      md5: 9b2e40596a1536643d712d03ed2c6275
      size: 68688
  model_evaluation:
    cmd: python src\model_evaluation.py
    deps:
    - path: model.pkl
      hash: md5
      md5: 9b2e40596a1536643d712d03ed2c6275
      size: 68688
    - path: src\model_evaluation.py
      hash: md5
      md5: 6f5953a7c03c9131be44d701fef4a000
      size: 3070
    outs:
    - path: metrics.json
      hash: md5
      md5: b0d3b9f234d10f8ae4221ac1c4ed1258
      size: 146
